
Microsoft Visual Studio Solution File, Format Version 12.00
# Visual Studio Version 17
VisualStudioVersion = 17.4.33122.133
MinimumVisualStudioVersion = 10.0.40219.1
Project("{9A19103F-16F7-4668-BE54-9A1E7A4F7556}") = "Booking.Com_Clone_API", "NZWalks.API\Booking.Com_Clone_API.csproj", "{7AB8D7A2-CC2C-41E6-9436-64CB11F64011}"
EndProject
Global
	GlobalSection(SolutionConfigurationPlatforms) = preSolution
		Debug|Any CPU = Debug|Any CPU
		Release|Any CPU = Release|Any CPU
	EndGlobalSection
	GlobalSection(ProjectConfigurationPlatforms) = postSolution
		{7AB8D7A2-CC2C-41E6-9436-64CB11F64011}.Debug|Any CPU.ActiveCfg = Debug|Any CPU
		{7AB8D7A2-CC2C-41E6-9436-64CB11F64011}.Debug|Any CPU.Build.0 = Debug|Any CPU
		{7AB8D7A2-CC2C-41E6-9436-64CB11F64011}.Release|Any CPU.ActiveCfg = Release|Any CPU
		{7AB8D7A2-CC2C-41E6-9436-64CB11F64011}.Release|Any CPU.Build.0 = Release|Any CPU
	EndGlobalSection
	GlobalSection(SolutionProperties) = preSolution
		HideSolutionNode = FALSE
	EndGlobalSection
	GlobalSection(ExtensibilityGlobals) = postSolution
		SolutionGuid = {3806BDCA-FE6F-48FA-93AE-ECED2677456F}
	EndGlobalSection
EndGlobal
